
Microsoft Visual Studio Solution File, Format Version 12.00
# Visual Studio Version 17
VisualStudioVersion = 17.14.36414.22 d17.14
MinimumVisualStudioVersion = 10.0.40219.1
Project("{FAE04EC0-301F-11D3-BF4B-00C04F79EFBC}") = "EF#01", "EF#01\EF#01.csproj", "{53B425E6-FB98-4579-A4E5-FDBA7DE298DB}"
EndProject
Global
	GlobalSection(SolutionConfigurationPlatforms) = preSolution
		Debug|Any CPU = Debug|Any CPU
		Release|Any CPU = Release|Any CPU
	EndGlobalSection
	GlobalSection(ProjectConfigurationPlatforms) = postSolution
		{53B425E6-FB98-4579-A4E5-FDBA7DE298DB}.Debug|Any CPU.ActiveCfg = Debug|Any CPU
		{53B425E6-FB98-4579-A4E5-FDBA7DE298DB}.Debug|Any CPU.Build.0 = Debug|Any CPU
		{53B425E6-FB98-4579-A4E5-FDBA7DE298DB}.Release|Any CPU.ActiveCfg = Release|Any CPU
		{53B425E6-FB98-4579-A4E5-FDBA7DE298DB}.Release|Any CPU.Build.0 = Release|Any CPU
	EndGlobalSection
	GlobalSection(SolutionProperties) = preSolution
		HideSolutionNode = FALSE
	EndGlobalSection
	GlobalSection(ExtensibilityGlobals) = postSolution
		SolutionGuid = {C096C05B-30AC-4376-A64C-7D109E4900F3}
	EndGlobalSection
EndGlobal
